
Microsoft Visual Studio Solution File, Format Version 12.00
# Visual Studio Version 17
VisualStudioVersion = 17.9.34714.143
MinimumVisualStudioVersion = 10.0.40219.1
Project("{FAE04EC0-301F-11D3-BF4B-00C04F79EFBC}") = "Ex04.Menus.Interfaces", "Ex04.Menus. Interfaces\Ex04.Menus.Interfaces.csproj", "{45F18653-6481-4F48-84FF-A69C1F0EECA7}"
EndProject
Project("{FAE04EC0-301F-11D3-BF4B-00C04F79EFBC}") = "Ex04.Menus.Events", "Ex04.Menus.Events\Ex04.Menus.Events.csproj", "{03CFAB39-8726-451B-ABCE-F4F68EE28708}"
EndProject
Project("{FAE04EC0-301F-11D3-BF4B-00C04F79EFBC}") = "Ex04.Menus.Test", "Ex04.Menus.Test\Ex04.Menus.Test.csproj", "{AFDCB950-A3F2-47C3-BD1D-F7895E7FEC78}"
EndProject
Global
	GlobalSection(SolutionConfigurationPlatforms) = preSolution
		Debug|Any CPU = Debug|Any CPU
		Release|Any CPU = Release|Any CPU
	EndGlobalSection
	GlobalSection(ProjectConfigurationPlatforms) = postSolution
		{45F18653-6481-4F48-84FF-A69C1F0EECA7}.Debug|Any CPU.ActiveCfg = Debug|Any CPU
		{45F18653-6481-4F48-84FF-A69C1F0EECA7}.Debug|Any CPU.Build.0 = Debug|Any CPU
		{45F18653-6481-4F48-84FF-A69C1F0EECA7}.Release|Any CPU.ActiveCfg = Release|Any CPU
		{45F18653-6481-4F48-84FF-A69C1F0EECA7}.Release|Any CPU.Build.0 = Release|Any CPU
		{03CFAB39-8726-451B-ABCE-F4F68EE28708}.Debug|Any CPU.ActiveCfg = Debug|Any CPU
		{03CFAB39-8726-451B-ABCE-F4F68EE28708}.Debug|Any CPU.Build.0 = Debug|Any CPU
		{03CFAB39-8726-451B-ABCE-F4F68EE28708}.Release|Any CPU.ActiveCfg = Release|Any CPU
		{03CFAB39-8726-451B-ABCE-F4F68EE28708}.Release|Any CPU.Build.0 = Release|Any CPU
		{AFDCB950-A3F2-47C3-BD1D-F7895E7FEC78}.Debug|Any CPU.ActiveCfg = Debug|Any CPU
		{AFDCB950-A3F2-47C3-BD1D-F7895E7FEC78}.Debug|Any CPU.Build.0 = Debug|Any CPU
		{AFDCB950-A3F2-47C3-BD1D-F7895E7FEC78}.Release|Any CPU.ActiveCfg = Release|Any CPU
		{AFDCB950-A3F2-47C3-BD1D-F7895E7FEC78}.Release|Any CPU.Build.0 = Release|Any CPU
	EndGlobalSection
	GlobalSection(SolutionProperties) = preSolution
		HideSolutionNode = FALSE
	EndGlobalSection
	GlobalSection(ExtensibilityGlobals) = postSolution
		SolutionGuid = {21466918-2D91-4B88-93C3-80E89D177895}
	EndGlobalSection
EndGlobal
